[{<<"goldrush">>,
  {git,"https://github.com/basho/goldrush.git",
       {ref,"8f1b715d36b650ec1e1f5612c00e28af6ab0de82"}},
  1},
 {<<"lager">>,
  {git,"https://github.com/erlang-lager/lager.git",
       {ref,"5adfa56a760e5025d7e2a57f982c819e967aaa6c"}},
  0},
 {<<"mysql">>,
  {git,"https://github.com/filipepinto-miniclip/mysql-otp",
       {ref,"6840af959ecba1cfc9fbc098c4fa4fc8babc8018"}},
  0},
 {<<"plists">>,
  {git,"https://github.com/silviucpp/plists.git",
       {ref,"13f6c97bd432bfa493d93b279e7b90d22ff6971a"}},
  0},
 {<<"pooler">>,
  {git,"https://github.com/seth/pooler.git",
       {ref,"a9fb9dbbac45000f10d8edf4464bf8425b39bd77"}},
  0},
 {<<"stacktrace_compat">>,
  {git,"https://github.com/g-andrade/stacktrace_compat.git",
       {ref,"359c79efebd62a3994ec6b956d2ab9074ec31710"}},
  0}].
